{
    "_meta": {
        "hash": {
            "sha256": "95f5c4dee270345d9c1f7d7fb54885ef140ba1534916865e111ea5636e84b7a3"
        },
        "pipfile-spec": 6,
        "requires": {
            "python_version": "3.13"
        },
        "sources": [
            {
                "name": "pypi",
                "url": "https://pypi.org/simple",
                "verify_ssl": true
            }
        ]
    },
    "default": {
        "click": {
            "hashes": [
                "sha256:27c491cc05d968d271d5a1db13e3b5a184636d9d930f148c50b038f0d0646202",
                "sha256:61a3265b914e850b85317d0b3109c7f8cd35a670f963866005d6ef1d5175a12b"
            ],
            "markers": "python_version >= '3.10'",
            "version": "==8.2.1"
        },
        "cython": {
            "hashes": [
                "sha256:06789eb7bd2e55b38b9dd349e9309f794aee0fed99c26ea5c9562d463877763f",
                "sha256:0b58e859889dd0fc6c3a990445b930f692948b28328bb4f3ed84b51028b7e183",
                "sha256:0d6248a2ae155ca4c42d7fa6a9a05154d62e695d7736bc17e1b85da6dcc361df",
                "sha256:0f2add8b23cb19da3f546a688cd8f9e0bfc2776715ebf5e283bc3113b03ff008",
                "sha256:12c5902f105e43ca9af7874cdf87a23627f98c15d5a4f6d38bc9d334845145c0",
                "sha256:18161ef3dd0e90a944daa2be468dd27696712a5f792d6289e97d2a31298ad688",
                "sha256:1c0ecc71e60a051732c2607b8eb8f2a03a5dac09b28e52b8af323c329db9987b",
                "sha256:20ce53951d06ab2bca39f153d9c5add1d631c2a44d58bf67288c9d631be9724e",
                "sha256:262bf49d9da64e2a34c86cbf8de4aa37daffb0f602396f116cca1ed47dc4b9f2",
                "sha256:2d8291dbbc1cb86b8d60c86fe9cbf99ec72de28cb157cbe869c95df4d32efa96",
                "sha256:3b1a69b9b4fe0a48a8271027c0703c71ab1993c4caca01791c0fd2e2bd9031aa",
                "sha256:3d439d9b19e7e70f6ff745602906d282a853dd5219d8e7abbf355de680c9d120",
                "sha256:42c7bffb0fe9898996c7eef9eb74ce3654553c7a3a3f3da66e5a49f801904ce0",
                "sha256:4896fc2b0f90820ea6fcf79a07e30822f84630a404d4e075784124262f6d0adf",
                "sha256:4bf3ea5bc50d80762c490f42846820a868a6406fdb5878ae9e4cc2f11b50228a",
                "sha256:5548573e0912d7dc80579827493315384c462e2f15797b91a8ed177686d31eb9",
                "sha256:58d4d45e40cadf4f602d96b7016cf24ccfe4d954c61fa30b79813db8ccb7818f",
                "sha256:604c39cd6d152498a940aeae28b6fd44481a255a3fdf1b0051c30f3873c88b7f",
                "sha256:63335513c06dcec4ecdaa8598f36c969032149ffd92a461f641ee363dc83c7ad",
                "sha256:63da49672c4bb022b4de9d37bab6c29953dbf5a31a2f40dffd0cf0915dcd7a17",
                "sha256:6bbf7a953fa6762dfecdec015e3b054ba51c0121a45ad851fa130f63f5331381",
                "sha256:7542f1d18ab2cd22debc72974ec9e53437a20623d47d6001466e430538d7df54",
                "sha256:80d0ce057672ca50728153757d022842d5dcec536b50c79615a22dda2a874ea0",
                "sha256:855f2ae06438c7405997cf0df42d5b508ec3248272bb39df4a7a4a82a5f7c8cb",
                "sha256:88dc7fd54bfae78c366c6106a759f389000ea4dfe8ed9568af9d2f612825a164",
                "sha256:8ab1319c77f15b0ae04b3fb03588df3afdec4cf79e90eeea5c961e0ebd8fdf72",
                "sha256:8efa44ee2f1876e40eb5e45f6513a19758077c56bf140623ccab43d31f873b61",
                "sha256:919ff38a93f7c21829a519693b336979feb41a0f7ca35969402d7e211706100e",
                "sha256:955bc6032d89ce380458266e65dcf5ae0ed1e7c03a7a4457e3e4773e90ba7373",
                "sha256:970cc1558519f0f108c3e2f4b3480de4945228d9292612d5b2bb687e36c646b8",
                "sha256:992a6504aa3eed50dd1fc3d1fa998928b08c1188130bd526e177b6d7f3383ec4",
                "sha256:9be3d4954b46fd0f2dceac011d470f658eaf819132db52fbd1cf226ee60348db",
                "sha256:9c2c4b6f9a941c857b40168b3f3c81d514e509d985c2dcd12e1a4fea9734192e",
                "sha256:9e3016ca7a86728bfcbdd52449521e859a977451f296a7ae4967cefa2ec498f7",
                "sha256:a3bb893e85f027a929c1764bb14db4c31cbdf8a96f59a78f608f2ba7cfbbce95",
                "sha256:a965b81eb4f5a5f3f6760b162cb4de3907c71a9ba25d74de1ad7a0e4856f0412",
                "sha256:aaae97d6d07610224be2b73a93e9e3dd85c09aedfd8e47054e3ef5a863387dae",
                "sha256:aca994519645ba8fb5e99c0f9d4be28d61435775552aaf893a158c583cd218a5",
                "sha256:ae53ae93c699d5f113953a9869df2fc269d8e173f9aa0616c6d8d6e12b4e9827",
                "sha256:af127da4b956e0e906e552fad838dc3fb6b6384164070ceebb0d90982a8ae25a",
                "sha256:b377d542299332bfeb61ec09c57821b10f1597304394ba76544f4d07780a16df",
                "sha256:b417c5d046ce676ee595ec7955ed47a68ad6f419cbf8c2a8708e55a3b38dfa35",
                "sha256:b4c516d103e87c2e9c1ab85227e4d91c7484c1ba29e25f8afbf67bae93fee164",
                "sha256:b7e1d3c383a5f4ca5319248b9cb1b16a04fb36e153d651e558897171b7dbabb9",
                "sha256:bdbc115bbe1b8c1dcbcd1b03748ea87fa967eb8dfc3a1a9bb243d4a382efcff4",
                "sha256:c05111f89db1ca98edc0675cfaa62be47b3ff519a29876eb095532a9f9e052b8",
                "sha256:c1661c1701c96e1866f839e238570c96a97535a81da76a26f45f99ede18b3897",
                "sha256:c9ec7d2baea122d94790624f743ff5b78f4e777bf969384be65b69d92fa4bc3f",
                "sha256:ca45020950cd52d82189d6dfb6225737586be6fe7b0b9d3fadd7daca62eff531",
                "sha256:cc22e5f18af436c894b90c257130346930fdc860d7f42b924548c591672beeef",
                "sha256:d23fd7ffd7457205f08571a42b108a3cf993e83a59fe4d72b42e6fc592cf2639",
                "sha256:d8c43566701133f53bf13485839d8f3f309095fe0d3b9d0cd5873073394d2edc",
                "sha256:dbc0fc0777c7ab82297c01c61a1161093a22a41714f62e8c35188a309bd5db8e",
                "sha256:dbc1f225cb9f9be7a025589463507e10bb2d76a3258f8d308e0e2d0b966c556e",
                "sha256:df57827185874f29240b02402e615547ab995d90182a852c6ec4f91bbae355a4",
                "sha256:e05a36224e3002d48c7c1c695b3771343bd16bc57eab60d6c5d5e08f3cbbafd8",
                "sha256:e1f30a1339e03c80968a371ef76bf27a6648c5646cccd14a97e731b6957db97a",
                "sha256:eda6a43f1b78eae0d841698916eef661d15f8bc8439c266a964ea4c504f05612",
                "sha256:f27143cf88835c8bcc9bf3304953f23f377d1d991e8942982fe7be344c7cfce3",
                "sha256:f3d03077938b02ec47a56aa156da7bfc2379193738397d4e88086db5b0a374e0",
                "sha256:f6e7188df8709be32cfdfadc7c3782e361c929df9132f95e1bbc90a340dca3c7",
                "sha256:fe7f1ee4c13f8a773bd6c66b3d25879f40596faeab49f97d28c39b16ace5fff9"
            ],
            "index": "pypi",
            "markers": "python_version >= '3.8'",
            "version": "==3.1.2"
        },
        "markdown-it-py": {
            "hashes": [
                "sha256:87327c59b172c5011896038353a81343b6754500a08cd7a4973bb48c6d578147",
                "sha256:cb0a2b4aa34f932c007117b194e945bd74e0ec24133ceb5bac59009cda1cb9f3"
            ],
            "markers": "python_version >= '3.10'",
            "version": "==4.0.0"
        },
        "mdurl": {
            "hashes": [
                "sha256:84008a41e51615a49fc9966191ff91509e3c40b939176e643fd50a5c2196b8f8",
                "sha256:bb413d29f5eea38f31dd4754dd7377d4465116fb207585f97bf925588687c1ba"
            ],
            "markers": "python_version >= '3.7'",
            "version": "==0.1.2"
        },
        "more-itertools": {
            "hashes": [
                "sha256:9fddd5403be01a94b204faadcff459ec3568cf110265d3c54323e1e866ad29d3",
                "sha256:d43980384673cb07d2f7d2d918c616b30c659c089ee23953f601d6609c67510e"
            ],
            "index": "pypi",
            "markers": "python_version >= '3.9'",
            "version": "==10.7.0"
        },
        "orjson": {
            "hashes": [
                "sha256:0085ef83a4141c2ed23bfec5fecbfdb1e95dd42fc8e8c76057bdeeec1608ea65",
                "sha256:06ef26e009304bda4df42e4afe518994cde6f89b4b04c0ff24021064f83f4fbb",
                "sha256:08c6a762fca63ca4dc04f66c48ea5d2428db55839fec996890e1bfaf057b658c",
                "sha256:0baad413c498fc1eef568504f11ea46bc71f94b845c075e437da1e2b85b4fb86",
                "sha256:0c1e394e67ced6bb16fea7054d99fbdd99a539cf4d446d40378d4c06e0a8548d",
                "sha256:0eacdfeefd0a79987926476eb16e0245546bedeb8febbbbcf4b653e79257a8e4",
                "sha256:0ed07faf9e4873518c60480325dcbc16d17c59a165532cccfb409b4cdbaeff24",
                "sha256:0ed0fce2307843b79a0c83de49f65b86197f1e2310de07af9db2a1a77a61ce4c",
                "sha256:10506cebe908542c4f024861102673db534fd2e03eb9b95b30d94438fa220abf",
                "sha256:1495692f1f1ba2467df429343388a0ed259382835922e124c0cfdd56b3d1f727",
                "sha256:15e2a57ce3b57c1a36acffcc02e823afefceee0a532180c2568c62213c98e3ef",
                "sha256:17040a83ecaa130474af05bbb59a13cfeb2157d76385556041f945da936b1afd",
                "sha256:1a68f23f09e5626cc0867a96cf618f68b91acb4753d33a80bf16111fd7f9928c",
                "sha256:200c3ad7ed8b5d31d49143265dfebd33420c4b61934ead16833b5cd2c3d241be",
                "sha256:2092e1d3b33f64e129ff8271642afddc43763c81f2c30823b4a4a4a5f2ea5b55",
                "sha256:20b0dca94ea4ebe4628330de50975b35817a3f52954c1efb6d5d0498a3bbe581",
                "sha256:22cf17ae1dae3f9b5f37bfcdba002ed22c98bbdb70306e42dc18d8cc9b50399a",
                "sha256:23196b826ebc85c43f8e27bee0ab33c5fb13a29ea47fb4fcd6ebb1e660eb0252",
                "sha256:26b6c821abf1ae515fbb8e140a2406c9f9004f3e52acb780b3dee9bfffddbd84",
                "sha256:2b7c8be96db3a977367250c6367793a3c5851a6ca4263f92f0b48d00702f9910",
                "sha256:3091dad33ac9e67c0a550cfff8ad5be156e2614d6f5d2a9247df0627751a1495",
                "sha256:33aada2e6b6bc9c540d396528b91e666cedb383740fee6e6a917f561b390ecb1",
                "sha256:3d593a9e0bccf2c7401ae53625b519a7ad7aa555b1c82c0042b322762dc8af4e",
                "sha256:45202ee3f5494644e064c41abd1320497fb92fd31fc73af708708af664ac3b56",
                "sha256:4537b0e09f45d2b74cb69c7f39ca1e62c24c0488d6bf01cd24673c74cd9596bf",
                "sha256:47e07528bb6ccbd6e32a55e330979048b59bfc5518b47c89bc7ab9e3de15174a",
                "sha256:48d82770a5fd88778063604c566f9c7c71820270c9cc9338d25147cbf34afd96",
                "sha256:4b4b4f8f0b1d3ef8dc73e55363a0ffe012a42f4e2f1a140bf559698dca39b3fa",
                "sha256:4bda5426ebb02ceb806a7d7ec9ba9ee5e0c93fca62375151a7b1c00bc634d06b",
                "sha256:4cddbe41ee04fddad35d75b9cf3e3736ad0b80588280766156b94783167777af",
                "sha256:4dd34e7e2518de8d7834268846f8cab7204364f427c56fb2251e098da86f5092",
                "sha256:5072488fcc5cbcda2ece966d248e43ea1d222e19dd4c56d3f82747777f24d864",
                "sha256:507d6012fab05465d8bf21f5d7f4635ba4b6d60132874e349beff12fb51af7fe",
                "sha256:53cfefe4af059e65aabe9683f76b9c88bf34b4341a77d329227c2424e0e59b0e",
                "sha256:5a31e84782a18c30abd56774c0cfa7b9884589f4d37d9acabfa0504dad59bb9d",
                "sha256:5b2dc7e88da4ca201c940f5e6127998d9e89aa64264292334dad62854bc7fc27",
                "sha256:5caf7f13f2e1b4e137060aed892d4541d07dabc3f29e6d891e2383c7ed483440",
                "sha256:5dbf06642f3db2966df504944cdd0eb68ca2717f0353bb20b20acd78109374a6",
                "sha256:5fd44d69ddfdfb4e8d0d83f09d27a4db34930fba153fbf79f8d4ae8b47914e04",
                "sha256:6162a1a757a1f1f4a94bc6ffac834a3602e04ad5db022dd8395a54ed9dd51c81",
                "sha256:6334d2382aff975a61f6f4d1c3daf39368b887c7de08f7c16c58f485dcf7adb2",
                "sha256:6723be919c07906781b9c63cc52dc7d2fb101336c99dd7e85d3531d73fb493f7",
                "sha256:68e10fd804e44e36188b9952543e3fa22f5aa8394da1b5283ca2b423735c06e8",
                "sha256:72e18088f567bd4a45db5e3196677d9ed1605e356e500c8e32dd6e303167a13d",
                "sha256:77c0fe28ed659b62273995244ae2aa430e432c71f86e4573ab16caa2f2e3ca5e",
                "sha256:78404206977c9f946613d3f916727c189d43193e708d760ea5d4b2087d6b0968",
                "sha256:7b71ef394327b3d0b39f6ea7ade2ecda2731a56c6a7cbf0d6a7301203b92a89b",
                "sha256:848be553ea35aa89bfefbed2e27c8a41244c862956ab8ba00dc0b27e84fd58de",
                "sha256:912579642f5d7a4a84d93c5eed8daf0aa34e1f2d3f4dc6571a8e418703f5701e",
                "sha256:92d771c492b64119456afb50f2dff3e03a2db8b5af0eba32c5932d306f970532",
                "sha256:93d5abed5a6f9e1b6f9b5bf6ed4423c11932b5447c2f7281d3b64e0f26c6d064",
                "sha256:9e217ce3bad76351e1eb29ebe5ca630326f45cd2141f62620107a229909501a3",
                "sha256:9e26794fe3976810b2c01fda29bd9ac7c91a3c1284b29cc9a383989f7b614037",
                "sha256:a3d0855b643f259ee0cb76fe3df4c04483354409a520a902b067c674842eb6b8",
                "sha256:b1545083b0931f754c80fd2422a73d83bea7a6d1b6de104a5f2c8dd3d64c291e",
                "sha256:b1e6415c5b5ff3a616a6dafad7b6ec303a9fc625e9313c8e1268fb1370a63dcb",
                "sha256:b5861c5f7acff10599132854c70ab10abf72aebf7c627ae13575e5f20b1ab8fe",
                "sha256:b8ac64caba1add2c04e9cd4782d4d0c4d6c554b7a3369bdec1eed7854c98db7b",
                "sha256:ba49683b87bea3ae1489a88e766e767d4f423a669a61270b6d6a7ead1c33bd65",
                "sha256:bb7c36d5d3570fcbb01d24fa447a21a7fe5a41141fd88e78f7994053cc4e28f4",
                "sha256:be3d0653322abc9b68e5bcdaee6cfd58fcbe9973740ab222b87f4d687232ab1f",
                "sha256:c4aa13ca959ba6b15c0a98d3d204b850f9dc36c08c9ce422ffb024eb30d6e058",
                "sha256:c964c29711a4b1df52f8d9966f015402a6cf87753a406c1c4405c407dd66fd45",
                "sha256:d346e2ae1ce17888f7040b65a5a4a0c9734cb20ffbd228728661e020b4c8b3a5",
                "sha256:d6895d32032b6362540e6d0694b19130bb4f2ad04694002dce7d8af588ca5f77",
                "sha256:d6d308dd578ae3658f62bb9eba54801533225823cd3248c902be1ebc79b5e014",
                "sha256:d777c57c1f86855fe5492b973f1012be776e0398571f7cc3970e9a58ecf4dc17",
                "sha256:db48f8e81072e26df6cdb0e9fff808c28597c6ac20a13d595756cf9ba1fed48a",
                "sha256:dbee6b050062540ae404530cacec1bf25e56e8d87d8d9b610b935afeb6725cae",
                "sha256:dddf4e78747fa7f2188273f84562017a3c4f0824485b78372513c1681ea7a894",
                "sha256:df146f2a14116ce80f7da669785fcb411406d8e80136558b0ecda4c924b9ac55",
                "sha256:e5adaf01b92e0402a9ac5c3ebe04effe2bbb115f0914a0a53d34ea239a746289",
                "sha256:e7a840752c93d4eecd1378e9bb465c3703e127b58f675cd5c620f361b6cf57a4",
                "sha256:e855c1e97208133ce88b3ef6663c9a82ddf1d09390cd0856a1638deee0390c3c",
                "sha256:e9a5fd589951f02ec2fcb8d69339258bbf74b41b104c556e6d4420ea5e059313",
                "sha256:f2d3364cfad43003f1e3d564a069c8866237cca30f9c914b26ed2740b596ed00",
                "sha256:f3807cce72bf40a9d251d689cbec28d2efd27e0f6673709f948f971afd52cb09",
                "sha256:f3cf6c07f8b32127d836be8e1c55d4f34843f7df346536da768e9f73f22078a1",
                "sha256:f55e557d4248322d87c4673e085c7634039ff04b47bfc823b87149ae12bef60d",
                "sha256:f58ae2bcd119226fe4aa934b5880fe57b8e97b69e51d5d91c88a89477a307016",
                "sha256:f716bcc166524eddfcf9f13f8209ac19a7f27b05cf591e883419079d98c8c99d",
                "sha256:f857b3d134b36a8436f1e24dcb525b6b945108b30746c1b0b556200b5cb76d39",
                "sha256:fa3fe8653c9f57f0e16f008e43626485b6723b84b2f741f54d1258095b655912"
            ],
            "index": "pypi",
            "markers": "python_version >= '3.9'",
            "version": "==3.11.1"
        },
        "pafpy": {
            "hashes": [
                "sha256:103d723c5701cf0d2aafdcf357c1a7fd5c2b80b61727783d4bfb57b0807d93f6",
                "sha256:5ecbbb6cf6b3f25e2a76d4dd02503f70bb5604523e11754646c6aace813daa74"
            ],
            "index": "pypi",
            "markers": "python_version >= '3.6' and python_version < '4.0'",
            "version": "==0.2.0"
        },
        "pygments": {
            "hashes": [
                "sha256:636cb2477cec7f8952536970bc533bc43743542f70392ae026374600add5b887",
                "sha256:86540386c03d588bb81d44bc3928634ff26449851e99741617ecb9037ee5ec0b"
            ],
            "markers": "python_version >= '3.8'",
            "version": "==2.19.2"
        },
        "rich": {
            "hashes": [
                "sha256:536f5f1785986d6dbdea3c75205c473f970777b4a0d6c6dd1b696aa05a3fa04f",
                "sha256:e497a48b844b0320d45007cdebfeaeed8db2a4f4bcf49f15e455cfc4af11eaa8"
            ],
            "index": "pypi",
            "markers": "python_full_version >= '3.8.0'",
            "version": "==14.1.0"
        },
        "shellingham": {
            "hashes": [
                "sha256:7ecfff8f2fd72616f7481040475a65b2bf8af90a56c89140852d1120324e8686",
                "sha256:8dbca0739d487e5bd35ab3ca4b36e11c4078f3a234bfce294b0a0291363404de"
            ],
            "markers": "python_version >= '3.7'",
            "version": "==1.5.4"
        },
        "typer": {
            "hashes": [
                "sha256:1f79bed11d4d02d4310e3c1b7ba594183bcedb0ac73b27a9e5f28f6fb5b98855",
                "sha256:af377ffaee1dbe37ae9440cb4e8f11686ea5ce4e9bae01b84ae7c63b87f1dd3b"
            ],
            "index": "pypi",
            "markers": "python_version >= '3.7'",
            "version": "==0.16.0"
        },
        "types-setuptools": {
            "hashes": [
                "sha256:7c6539b4c7ac7b4ab4db2be66d8a58fb1e28affa3ee3834be48acafd94f5976a",
                "sha256:e986ba37ffde364073d76189e1d79d9928fb6f5278c7d07589cde353d0218864"
            ],
            "index": "pypi",
            "markers": "python_version >= '3.9'",
            "version": "==80.9.0.20250809"
        },
        "typing-extensions": {
            "hashes": [
                "sha256:38b39f4aeeab64884ce9f74c94263ef78f3c22467c8724005483154c26648d36",
                "sha256:d1e1e3b58374dc93031d6eda2420a48ea44a36c2b4766a4fdeb3710755731d76"
            ],
            "markers": "python_version >= '3.9'",
            "version": "==4.14.1"
        }
    },
    "develop": {
        "altgraph": {
            "hashes": [
                "sha256:1b5afbb98f6c4dcadb2e2ae6ab9fa994bbb8c1d75f4fa96d340f9437ae454406",
                "sha256:642743b4750de17e655e6711601b077bc6598dbfa3ba5fa2b2a35ce12b508dff"
            ],
            "version": "==0.17.4"
        },
        "asttokens": {
            "hashes": [
                "sha256:0dcd8baa8d62b0c1d118b399b2ddba3c4aff271d0d7a9e0d4c1681c79035bbc7",
                "sha256:e3078351a059199dd5138cb1c706e6430c05eff2ff136af5eb4790f9d28932e2"
            ],
            "markers": "python_version >= '3.8'",
            "version": "==3.0.0"
        },
        "behave": {
            "hashes": [
                "sha256:657ee8c167af716e6ab7b817100bb427a2674440d431751af47af9ffd8a90b57",
                "sha256:b32ec1a1ed67f23adc007c1cb7ee31ac1c939638d30c8e3e27a00d9ddb063c09"
            ],
            "index": "pypi",
            "markers": "python_version >= '2.7' and python_version not in '3.0, 3.1, 3.2'",
            "version": "==1.3.0"
        },
        "colorama": {
            "hashes": [
                "sha256:08695f5cb7ed6e0531a20572697297273c47b8cae5a63ffc6d6ed5c201be6e44",
                "sha256:4f1d9991f5acc0ca119f9d443620b77f9d6b33703e51011c16baf57afb285fc6"
            ],
            "markers": "python_version >= '2.7' and python_version not in '3.0, 3.1, 3.2, 3.3, 3.4, 3.5, 3.6'",
            "version": "==0.4.6"
        },
        "coverage": {
            "extras": [
                "toml"
            ],
            "hashes": [
                "sha256:03db599f213341e2960430984e04cf35fb179724e052a3ee627a068653cf4a7c",
                "sha256:07009152f497a0464ffdf2634586787aea0e69ddd023eafb23fc38267db94b84",
                "sha256:07790b4b37d56608536f7c1079bd1aa511567ac2966d33d5cec9cf520c50a7c8",
                "sha256:08b989a06eb9dfacf96d42b7fb4c9a22bafa370d245dc22fa839f2168c6f9fa1",
                "sha256:08e638a93c8acba13c7842953f92a33d52d73e410329acd472280d2a21a6c0e1",
                "sha256:1007d6a2b3cf197c57105cc1ba390d9ff7f0bee215ced4dea530181e49c65ab4",
                "sha256:187ecdcac21f9636d570e419773df7bd2fda2e7fa040f812e7f95d0bddf5f79a",
                "sha256:18ecc5d1b9a8c570f6c9b808fa9a2b16836b3dd5414a6d467ae942208b095f85",
                "sha256:1ae22b97003c74186e034a93e4f946c75fad8c0ce8d92fbbc168b5e15ee2841f",
                "sha256:1af4461b25fe92889590d438905e1fc79a95680ec2a1ff69a591bb3fdb6c7157",
                "sha256:1d4f9ce50b9261ad196dc2b2e9f1fbbee21651b54c3097a25ad783679fd18294",
                "sha256:1f4e4d8e75f6fd3c6940ebeed29e3d9d632e1f18f6fb65d33086d99d4d073241",
                "sha256:205a95b87ef4eb303b7bc5118b47b6b6604a644bcbdb33c336a41cfc0a08c06a",
                "sha256:24581ed69f132b6225a31b0228ae4885731cddc966f8a33fe5987288bdbbbd5e",
                "sha256:24d0c13de473b04920ddd6e5da3c08831b1170b8f3b17461d7429b61cad59ae0",
                "sha256:25b902c5e15dea056485d782e420bb84621cc08ee75d5131ecb3dbef8bd1365f",
                "sha256:2a90dd4505d3cc68b847ab10c5ee81822a968b5191664e8a0801778fa60459fa",
                "sha256:2ae8e7c56290b908ee817200c0b65929b8050bc28530b131fe7c6dfee3e7d86b",
                "sha256:30c601610a9b23807c5e9e2e442054b795953ab85d525c3de1b1b27cebeb2117",
                "sha256:3262d19092771c83f3413831d9904b1ccc5f98da5de4ffa4ad67f5b20c7aaf7b",
                "sha256:3564aae76bce4b96e2345cf53b4c87e938c4985424a9be6a66ee902626edec4c",
                "sha256:3966bc9a76b09a40dc6063c8b10375e827ea5dfcaffae402dd65953bef4cba54",
                "sha256:3da794db13cc27ca40e1ec8127945b97fab78ba548040047d54e7bfa6d442dca",
                "sha256:416a8d74dc0adfd33944ba2f405897bab87b7e9e84a391e09d241956bd953ce1",
                "sha256:419d2a0f769f26cb1d05e9ccbc5eab4cb5d70231604d47150867c07822acbdf4",
                "sha256:424ea93a323aa0f7f01174308ea78bde885c3089ec1bef7143a6d93c3e24ef64",
                "sha256:449c1e2d3a84d18bd204258a897a87bc57380072eb2aded6a5b5226046207b42",
                "sha256:46eae7893ba65f53c71284585a262f083ef71594f05ec5c85baf79c402369098",
                "sha256:488e9b50dc5d2aa9521053cfa706209e5acf5289e81edc28291a24f4e4488f46",
                "sha256:4a50ad2524ee7e4c2a95e60d2b0b83283bdfc745fe82359d567e4f15d3823eb5",
                "sha256:4af09c7574d09afbc1ea7da9dcea23665c01f3bc1b1feb061dac135f98ffc53a",
                "sha256:4dd4564207b160d0d45c36a10bc0a3d12563028e8b48cd6459ea322302a156d7",
                "sha256:4e27bebbd184ef8d1c1e092b74a2b7109dcbe2618dce6e96b1776d53b14b3fe8",
                "sha256:53808194afdf948c462215e9403cca27a81cf150d2f9b386aee4dab614ae2ffe",
                "sha256:54e409dd64e5302b2a8fdf44ec1c26f47abd1f45a2dcf67bd161873ee05a59b8",
                "sha256:5b3801b79fb2ad61e3c7e2554bab754fc5f105626056980a2b9cf3aef4f13f84",
                "sha256:5ca3c9530ee072b7cb6a6ea7b640bcdff0ad3b334ae9687e521e59f79b1d0437",
                "sha256:5fb742309766d7e48e9eb4dc34bc95a424707bc6140c0e7d9726e794f11b92a0",
                "sha256:669fe0d4e69c575c52148511029b722ba8d26e8a3129840c2ce0522e1452b256",
                "sha256:6999920bdd73259ce11cabfc1307484f071ecc6abdb2ca58d98facbcefc70f16",
                "sha256:6b1f91cbc78c7112ab84ed2a8defbccd90f888fcae40a97ddd6466b0bec6ae8a",
                "sha256:6b4e25e0fa335c8aa26e42a52053f3786a61cc7622b4d54ae2dad994aa754fec",
                "sha256:812ba9250532e4a823b070b0420a36499859542335af3dca8f47fc6aa1a05619",
                "sha256:8dd2ba5f0c7e7e8cc418be2f0c14c4d9e3f08b8fb8e4c0f83c2fe87d03eb655e",
                "sha256:8fd4ee2580b9fefbd301b4f8f85b62ac90d1e848bea54f89a5748cf132782118",
                "sha256:913ceddb4289cbba3a310704a424e3fb7aac2bc0c3a23ea473193cb290cf17d4",
                "sha256:992f48bf35b720e174e7fae916d943599f1a66501a2710d06c5f8104e0756ee1",
                "sha256:9c8916d44d9e0fe6cdb2227dc6b0edd8bc6c8ef13438bbbf69af7482d9bb9833",
                "sha256:9e92fa1f2bd5a57df9d00cf9ce1eb4ef6fccca4ceabec1c984837de55329db34",
                "sha256:a181e4c2c896c2ff64c6312db3bda38e9ade2e1aa67f86a5628ae85873786cea",
                "sha256:a374d4e923814e8b72b205ef6b3d3a647bb50e66f3558582eda074c976923613",
                "sha256:a83d4f134bab2c7ff758e6bb1541dd72b54ba295ced6a63d93efc2e20cb9b124",
                "sha256:b0bac054d45af7cd938834b43a9878b36ea92781bcb009eab040a5b09e9927e3",
                "sha256:b0dc69c60224cda33d384572da945759756e3f06b9cdac27f302f53961e63160",
                "sha256:b6df359e59fa243c9925ae6507e27f29c46698359f45e568fd51b9315dbbe587",
                "sha256:b96524d6e4a3ce6a75c56bb15dbd08023b0ae2289c254e15b9fbdddf0c577416",
                "sha256:b99e87304ffe0eb97c5308447328a584258951853807afdc58b16143a530518a",
                "sha256:bce8b8180912914032785850d8f3aacb25ec1810f5f54afc4a8b114e7a9b55de",
                "sha256:bd8df1f83c0703fa3ca781b02d36f9ec67ad9cb725b18d486405924f5e4270bd",
                "sha256:bdb558a1d97345bde3a9f4d3e8d11c9e5611f748646e9bb61d7d612a796671b5",
                "sha256:c112f04e075d3495fa3ed2200f71317da99608cbb2e9345bdb6de8819fc30571",
                "sha256:c1e2e927ab3eadd7c244023927d646e4c15c65bb2ac7ae3c3e9537c013700d21",
                "sha256:c2079d8cdd6f7373d628e14b3357f24d1db02c9dc22e6a007418ca7a2be0435a",
                "sha256:c3623f929db885fab100cb88220a5b193321ed37e03af719efdbaf5d10b6e227",
                "sha256:c5595fc4ad6a39312c786ec3326d7322d0cf10e3ac6a6df70809910026d67cfb",
                "sha256:c65e2a5b32fbe1e499f1036efa6eb9cb4ea2bf6f7168d0e7a5852f3024f471b1",
                "sha256:c9e6331a8f09cb1fc8bda032752af03c366870b48cce908875ba2620d20d0ad4",
                "sha256:cc0ee4b2ccd42cab7ee6be46d8a67d230cb33a0a7cd47a58b587a7063b6c6b0e",
                "sha256:ce01048199a91f07f96ca3074b0c14021f4fe7ffd29a3e6a188ac60a5c3a4af8",
                "sha256:d48d2cb07d50f12f4f18d2bb75d9d19e3506c26d96fffabf56d22936e5ed8f7c",
                "sha256:d52989685ff5bf909c430e6d7f6550937bc6d6f3e6ecb303c97a86100efd4596",
                "sha256:d7c3d02c2866deb217dce664c71787f4b25420ea3eaf87056f44fb364a3528f5",
                "sha256:da749daa7e141985487e1ff90a68315b0845930ed53dc397f4ae8f8bab25b551",
                "sha256:dabe662312a97958e932dee056f2659051d822552c0b866823e8ba1c2fe64770",
                "sha256:daeefff05993e5e8c6e7499a8508e7bd94502b6b9a9159c84fd1fe6bce3151cb",
                "sha256:dec0d9bc15ee305e09fe2cd1911d3f0371262d3cfdae05d79515d8cb712b4869",
                "sha256:e79367ef2cd9166acedcbf136a458dfe9a4a2dd4d1ee95738fb2ee581c56f667",
                "sha256:eb329f1046888a36b1dc35504d3029e1dd5afe2196d94315d18c45ee380f67d5",
                "sha256:ebc8791d346410d096818788877d675ca55c91db87d60e8f477bd41c6970ffc6",
                "sha256:ec151569ddfccbf71bac8c422dce15e176167385a00cd86e887f9a80035ce8a5",
                "sha256:ee221cf244757cdc2ac882e3062ab414b8464ad9c884c21e878517ea64b3fa26",
                "sha256:f2ff2e2afdf0d51b9b8301e542d9c21a8d084fd23d4c8ea2b3a1b3c96f5f7397",
                "sha256:f3126fb6a47d287f461d9b1aa5d1a8c97034d1dffb4f452f2cf211289dae74ef",
                "sha256:f35580f19f297455f44afcd773c9c7a058e52eb6eb170aa31222e635f2e38b87",
                "sha256:f4d1b837d1abf72187a61645dbf799e0d7705aa9232924946e1f57eb09a3bf00",
                "sha256:f5983c132a62d93d71c9ef896a0b9bf6e6828d8d2ea32611f58684fba60bba35",
                "sha256:f930a4d92b004b643183451fe9c8fe398ccf866ed37d172ebaccfd443a097f61",
                "sha256:fe72cbdd12d9e0f4aca873fa6d755e103888a7f9085e4a62d282d9d5b9f7928c"
            ],
            "markers": "python_version >= '3.9'",
            "version": "==7.10.3"
        },
        "cucumber-expressions": {
            "hashes": [
                "sha256:86230d503cdda7ef35a1f2072a882d7d57c740aa4c163c82b07f039b6bc60c42",
                "sha256:86ce41bf28ee520408416f38022e5a083d815edf04a0bd1dae46d474ca597c60"
            ],
            "markers": "python_version >= '3.8' and python_version < '4.0'",
            "version": "==18.0.1"
        },
        "cucumber-tag-expressions": {
            "hashes": [
                "sha256:b60aa2cdbf9ac43e28d9b0e4fd49edf9f09d5d941257d2912f5228f9d166c023",
                "sha256:f94404b656831c56a3815da5305ac097003884d2ae64fa51f5f4fad82d97e583"
            ],
            "markers": "python_version >= '2.7'",
            "version": "==6.2.0"
        },
        "decorator": {
            "hashes": [
                "sha256:65f266143752f734b0a7cc83c46f4618af75b8c5911b00ccb61d0ac9b6da0360",
                "sha256:d316bb415a2d9e2d2b3abcc4084c6502fc09240e292cd76a76afc106a1c8e04a"
            ],
            "markers": "python_version >= '3.8'",
            "version": "==5.2.1"
        },
        "executing": {
            "hashes": [
                "sha256:11387150cad388d62750327a53d3339fad4888b39a6fe233c3afbb54ecffd3aa",
                "sha256:5d108c028108fe2551d1a7b2e8b713341e2cb4fc0aa7dcf966fa4327a5226755"
            ],
            "markers": "python_version >= '3.8'",
            "version": "==2.2.0"
        },
        "flake8": {
            "hashes": [
                "sha256:b9696257b9ce8beb888cdbe31cf885c90d31928fe202be0889a7cdafad32f01e",
                "sha256:fe044858146b9fc69b551a4b490d69cf960fcb78ad1edcb84e7fbb1b4a8e3872"
            ],
            "index": "pypi",
            "markers": "python_version >= '3.9'",
            "version": "==7.3.0"
        },
        "iniconfig": {
            "hashes": [
                "sha256:3abbd2e30b36733fee78f9c7f7308f2d0050e88f0087fd25c2645f63c773e1c7",
                "sha256:9deba5723312380e77435581c6bf4935c94cbfab9b1ed33ef8d238ea168eb760"
            ],
            "markers": "python_version >= '3.8'",
            "version": "==2.1.0"
        },
        "ipython": {
            "hashes": [
                "sha256:25850f025a446d9b359e8d296ba175a36aedd32e83ca9b5060430fe16801f066",
                "sha256:c033c6d4e7914c3d9768aabe76bbe87ba1dc66a92a05db6bfa1125d81f2ee270"
            ],
            "index": "pypi",
            "markers": "python_version >= '3.11'",
            "version": "==9.4.0"
        },
        "ipython-pygments-lexers": {
            "hashes": [
                "sha256:09c0138009e56b6854f9535736f4171d855c8c08a563a0dcd8022f78355c7e81",
                "sha256:a9462224a505ade19a605f71f8fa63c2048833ce50abc86768a0d81d876dc81c"
            ],
            "markers": "python_version >= '3.8'",
            "version": "==1.1.1"
        },
        "jedi": {
            "hashes": [
                "sha256:4770dc3de41bde3966b02eb84fbcf557fb33cce26ad23da12c742fb50ecb11f0",
                "sha256:a8ef22bde8490f57fe5c7681a3c83cb58874daf72b4784de3cce5b6ef6edb5b9"
            ],
            "markers": "python_version >= '3.6'",
            "version": "==0.19.2"
        },
        "matplotlib-inline": {
            "hashes": [
                "sha256:8423b23ec666be3d16e16b60bdd8ac4e86e840ebd1dd11a30b9f117f2fa0ab90",
                "sha256:df192d39a4ff8f21b1895d72e6a13f5fcc5099f00fa84384e0ea28c2cc0653ca"
            ],
            "markers": "python_version >= '3.8'",
            "version": "==0.1.7"
        },
        "mccabe": {
            "hashes": [
                "sha256:348e0240c33b60bbdf4e523192ef919f28cb2c3d7d5c7794f74009290f236325",
                "sha256:6c2d30ab6be0e4a46919781807b4f0d834ebdd6c6e3dca0bda5a15f863427b6e"
            ],
            "markers": "python_version >= '3.6'",
            "version": "==0.7.0"
        },
        "mypy": {
            "hashes": [
                "sha256:03b6d0ed2b188e35ee6d5c36b5580cffd6da23319991c49ab5556c023ccf1341",
                "sha256:064e2ff508e5464b4bd807a7c1625bc5047c5022b85c70f030680e18f37273a5",
                "sha256:099b9a5da47de9e2cb5165e581f158e854d9e19d2e96b6698c0d64de911dd849",
                "sha256:15a83369400454c41ed3a118e0cc58bd8123921a602f385cb6d6ea5df050c733",
                "sha256:15d54056f7fe7a826d897789f53dd6377ec2ea8ba6f776dc83c2902b899fee81",
                "sha256:1b16708a66d38abb1e6b5702f5c2c87e133289da36f6a1d15f6a5221085c6403",
                "sha256:209a58fed9987eccc20f2ca94afe7257a8f46eb5df1fb69958650973230f91e6",
                "sha256:25e01ec741ab5bb3eec8ba9cdb0f769230368a22c959c4937360efb89b7e9f01",
                "sha256:397fba5d7616a5bc60b45c7ed204717eaddc38f826e3645402c426057ead9a91",
                "sha256:3fbe6d5555bf608c47203baa3e72dbc6ec9965b3d7c318aa9a4ca76f465bd972",
                "sha256:43808d9476c36b927fbcd0b0255ce75efe1b68a080154a38ae68a7e62de8f0f8",
                "sha256:55b918670f692fc9fba55c3298d8a3beae295c5cded0a55dccdc5bbead814acd",
                "sha256:5d1092694f166a7e56c805caaf794e0585cabdbf1df36911c414e4e9abb62ae9",
                "sha256:62761474061feef6f720149d7ba876122007ddc64adff5ba6f374fda35a018a0",
                "sha256:665afab0963a4b39dff7c1fa563cc8b11ecff7910206db4b2e64dd1ba25aed19",
                "sha256:69e83ea6553a3ba79c08c6e15dbd9bfa912ec1e493bf75489ef93beb65209aeb",
                "sha256:70401bbabd2fa1aa7c43bb358f54037baf0586f41e83b0ae67dd0534fc64edfd",
                "sha256:79d44f9bfb004941ebb0abe8eff6504223a9c1ac51ef967d1263c6572bbebc99",
                "sha256:80ef5c058b7bce08c83cac668158cb7edea692e458d21098c7d3bce35a5d43e7",
                "sha256:89e972c0035e9e05823907ad5398c5a73b9f47a002b22359b177d40bdaee7056",
                "sha256:93378d3203a5c0800c6b6d850ad2f19f7a3cdf1a3701d3416dbf128805c6a6a7",
                "sha256:9a2b7d9180aed171f033c9f2fc6c204c1245cf60b0cb61cf2e7acc24eea78e0a",
                "sha256:9d6b20b97d373f41617bd0708fd46aa656059af57f2ef72aa8c7d6a2b73b74ed",
                "sha256:a76906f26bd8d51ea9504966a9c25419f2e668f012e0bdf3da4ea1526c534d94",
                "sha256:a9f52c0351c21fe24c21d8c0eb1f62967b262d6729393397b6f443c3b773c3b9",
                "sha256:ad37544be07c5d7fba814eb370e006df58fed8ad1ef33ed1649cb1889ba6ff58",
                "sha256:b01586eed696ec905e61bd2568f48740f7ac4a45b3a468e6423a03d3788a51a8",
                "sha256:c1fdf4abb29ed1cb091cf432979e162c208a5ac676ce35010373ff29247bcad5",
                "sha256:c49562d3d908fd49ed0938e5423daed8d407774a479b595b143a3d7f87cdae6a",
                "sha256:c4a580f8a70c69e4a75587bd925d298434057fe2a428faaf927ffe6e4b9a98df",
                "sha256:c837b896b37cd103570d776bda106eabb8737aa6dd4f248451aecf53030cdbeb",
                "sha256:d7598cf74c3e16539d4e2f0b8d8c318e00041553d83d4861f87c7a72e95ac24d",
                "sha256:dd86bb649299f09d987a2eebb4d52d10603224500792e1bee18303bbcc1ce390",
                "sha256:e79311f2d904ccb59787477b7bd5d26f3347789c06fcd7656fa500875290264b",
                "sha256:e92bdc656b7757c438660f775f872a669b8ff374edc4d18277d86b63edba6b8b",
                "sha256:fa6ffadfbe6994d724c5a1bb6123a7d27dd68fc9c059561cd33b664a79578e14",
                "sha256:feb8cc32d319edd5859da2cc084493b3e2ce5e49a946377663cc90f6c15fb259",
                "sha256:ff2933428516ab63f961644bc49bc4cbe42bbffb2cd3b71cc7277c07d16b1a8b"
            ],
            "index": "pypi",
            "markers": "python_version >= '3.9'",
            "version": "==1.17.1"
        },
        "mypy-extensions": {
            "hashes": [
                "sha256:1be4cccdb0f2482337c4743e60421de3a356cd97508abadd57d47403e94f5505",
                "sha256:52e68efc3284861e772bbcd66823fde5ae21fd2fdb51c62a211403730b916558"
            ],
            "markers": "python_version >= '3.8'",
            "version": "==1.1.0"
        },
        "packaging": {
            "hashes": [
                "sha256:29572ef2b1f17581046b3a2227d5c611fb25ec70ca1ba8554b24b0e69331a484",
                "sha256:d443872c98d677bf60f6a1f2f8c1cb748e8fe762d2bf9d3148b5599295b0fc4f"
            ],
            "markers": "python_version >= '3.8'",
            "version": "==25.0"
        },
        "parse": {
            "hashes": [
                "sha256:967095588cb802add9177d0c0b6133b5ba33b1ea9007ca800e526f42a85af558",
                "sha256:b41d604d16503c79d81af5165155c0b20f6c8d6c559efa66b4b695c3e5a0a0ce"
            ],
            "version": "==1.20.2"
        },
        "parse-type": {
            "hashes": [
                "sha256:5e1ec10440b000c3f818006033372939e693a9ec0176f446d9303e4db88489a6",
                "sha256:83d41144a82d6b8541127bf212dd76c7f01baff680b498ce8a4d052a7a5bce4c"
            ],
            "markers": "python_version >= '2.7' and python_version not in '3.0, 3.1'",
            "version": "==0.6.4"
        },
        "parso": {
            "hashes": [
                "sha256:a418670a20291dacd2dddc80c377c5c3791378ee1e8d12bffc35420643d43f18",
                "sha256:eb3a7b58240fb99099a345571deecc0f9540ea5f4dd2fe14c2a99d6b281ab92d"
            ],
            "markers": "python_version >= '3.6'",
            "version": "==0.8.4"
        },
        "pathspec": {
            "hashes": [
                "sha256:a0d503e138a4c123b27490a4f7beda6a01c6f288df0e4a8b79c7eb0dc7b4cc08",
                "sha256:a482d51503a1ab33b1c67a6c3813a26953dbdc71c31dacaef9a838c4e29f5712"
            ],
            "markers": "python_version >= '3.8'",
            "version": "==0.12.1"
        },
        "pexpect": {
            "hashes": [
                "sha256:7236d1e080e4936be2dc3e326cec0af72acf9212a7e1d060210e70a47e253523",
                "sha256:ee7d41123f3c9911050ea2c2dac107568dc43b2d3b0c7557a33212c398ead30f"
            ],
            "markers": "sys_platform != 'win32' and sys_platform != 'emscripten'",
            "version": "==4.9.0"
        },
        "pluggy": {
            "hashes": [
                "sha256:7dcc130b76258d33b90f61b658791dede3486c3e6bfb003ee5c9bfb396dd22f3",
                "sha256:e920276dd6813095e9377c0bc5566d94c932c33b27a3e3945d8389c374dd4746"
            ],
            "markers": "python_version >= '3.9'",
            "version": "==1.6.0"
        },
        "prompt-toolkit": {
            "hashes": [
                "sha256:52742911fde84e2d423e2f9a4cf1de7d7ac4e51958f648d9540e0fb8db077b07",
                "sha256:931a162e3b27fc90c86f1b48bb1fb2c528c2761475e57c9c06de13311c7b54ed"
            ],
            "markers": "python_version >= '3.8'",
            "version": "==3.0.51"
        },
        "ptyprocess": {
            "hashes": [
                "sha256:4b41f3967fce3af57cc7e94b888626c18bf37a083e3651ca8feeb66d492fef35",
                "sha256:5c5d0a3b48ceee0b48485e0c26037c0acd7d29765ca3fbb5cb3831d347423220"
            ],
            "version": "==0.7.0"
        },
        "pure-eval": {
            "hashes": [
                "sha256:1db8e35b67b3d218d818ae653e27f06c3aa420901fa7b081ca98cbedc874e0d0",
                "sha256:5f4e983f40564c576c7c8635ae88db5956bb2229d7e9237d03b3c0b0190eaf42"
            ],
            "version": "==0.2.3"
        },
        "pycodestyle": {
            "hashes": [
                "sha256:c4b5b517d278089ff9d0abdec919cd97262a3367449ea1c8b49b91529167b783",
                "sha256:dd6bf7cb4ee77f8e016f9c8e74a35ddd9f67e1d5fd4184d86c3b98e07099f42d"
            ],
            "markers": "python_version >= '3.9'",
            "version": "==2.14.0"
        },
        "pyflakes": {
            "hashes": [
                "sha256:b24f96fafb7d2ab0ec5075b7350b3d2d2218eab42003821c06344973d3ea2f58",
                "sha256:f742a7dbd0d9cb9ea41e9a24a918996e8170c799fa528688d40dd582c8265f4f"
            ],
            "markers": "python_version >= '3.9'",
            "version": "==3.4.0"
        },
        "pygments": {
            "hashes": [
                "sha256:636cb2477cec7f8952536970bc533bc43743542f70392ae026374600add5b887",
                "sha256:86540386c03d588bb81d44bc3928634ff26449851e99741617ecb9037ee5ec0b"
            ],
            "markers": "python_version >= '3.8'",
            "version": "==2.19.2"
        },
        "pyinstaller": {
            "hashes": [
                "sha256:18f743069849dbaee3e10900385f35795a5743eabab55e99dcc42f204e40a0db",
                "sha256:22193489e6a22435417103f61e7950363bba600ef36ec3ab1487303668c81092",
                "sha256:60da8f1b5071766b45c0f607d8bc3d7e59ba2c3b262d08f2e4066ba65f3544a2",
                "sha256:9f00c71c40148cd1e61695b2c6f1e086693d3bcf9bfa22ab513aa4254c3b966f",
                "sha256:a48fc4644ee4aa2aa2a35e7b51f496f8fbd7eecf6a2150646bbf1613ad07bc2d",
                "sha256:b4df862adae7cf1f08eff53c43ace283822447f7f528f72e4f94749062712f15",
                "sha256:b9ebf16ed0f99016ae8ae5746dee4cb244848a12941539e62ce2eea1df5a3f95",
                "sha256:c33e6302bc53db2df1104ed5566bd980b3e0ee7f18416a6e3caa908c12a54542",
                "sha256:cbcc8eb77320c60722030ac875883b564e00768fe3ff1721c7ba3ad0e0a277e9",
                "sha256:cbea297e16eeda30b41c300d6ec2fd2abea4dbd8d8a32650eeec36431c94fcd9",
                "sha256:eb902d0fed3bb1f8b7190dc4df5c11f3b59505767e0d56d1ed782b853938bbf3",
                "sha256:f43c035621742cf2d19b84308c60e4e44e72c94786d176b8f6adcde351b5bd98"
            ],
            "index": "pypi",
            "markers": "python_version < '3.15' and python_version >= '3.8'",
            "version": "==6.15.0"
        },
        "pyinstaller-hooks-contrib": {
            "hashes": [
                "sha256:3402ad41dfe9b5110af134422e37fc5d421ba342c6cb980bd67cb30b7415641c",
                "sha256:8d0b8cfa0cb689a619294ae200497374234bd4e3994b3ace2a4442274c899064"
            ],
            "markers": "python_version >= '3.8'",
            "version": "==2025.8"
        },
        "pytest": {
            "hashes": [
                "sha256:539c70ba6fcead8e78eebbf1115e8b589e7565830d7d006a8723f19ac8a0afb7",
                "sha256:7c67fd69174877359ed9371ec3af8a3d2b04741818c51e5e99cc1742251fa93c"
            ],
            "index": "pypi",
            "markers": "python_version >= '3.9'",
            "version": "==8.4.1"
        },
        "pytest-cov": {
            "hashes": [
                "sha256:25cc6cc0a5358204b8108ecedc51a9b57b34cc6b8c967cc2c01a4e00d8a67da2",
                "sha256:f5bc4c23f42f1cdd23c70b1dab1bbaef4fc505ba950d53e0081d0730dd7e86d5"
            ],
            "index": "pypi",
            "markers": "python_version >= '3.9'",
            "version": "==6.2.1"
        },
        "setuptools": {
            "hashes": [
                "sha256:062d34222ad13e0cc312a4c02d73f059e86a4acbfbdea8f8f76b28c99f306922",
                "sha256:f36b47402ecde768dbfafc46e8e4207b4360c654f1f3bb84475f0a28628fb19c"
            ],
            "markers": "python_version >= '3.9'",
            "version": "==80.9.0"
        },
        "six": {
            "hashes": [
                "sha256:4721f391ed90541fddacab5acf947aa0d3dc7d27b2e1e8eda2be8970586c3274",
                "sha256:ff70335d468e7eb6ec65b95b99d3a2836546063f63acc5171de367e834932a81"
            ],
            "markers": "python_version >= '2.7' and python_version not in '3.0, 3.1, 3.2'",
            "version": "==1.17.0"
        },
        "stack-data": {
            "hashes": [
                "sha256:836a778de4fec4dcd1dcd89ed8abff8a221f58308462e1c4aa2a3cf30148f0b9",
                "sha256:d5558e0c25a4cb0853cddad3d77da9891a08cb85dd9f9f91b9f8cd66e511e695"
            ],
            "version": "==0.6.3"
        },
        "traitlets": {
            "hashes": [
                "sha256:9ed0579d3502c94b4b3732ac120375cda96f923114522847de4b3bb98b96b6b7",
                "sha256:b74e89e397b1ed28cc831db7aea759ba6640cb3de13090ca145426688ff1ac4f"
            ],
            "markers": "python_version >= '3.8'",
            "version": "==5.14.3"
        },
        "typing-extensions": {
            "hashes": [
                "sha256:38b39f4aeeab64884ce9f74c94263ef78f3c22467c8724005483154c26648d36",
                "sha256:d1e1e3b58374dc93031d6eda2420a48ea44a36c2b4766a4fdeb3710755731d76"
            ],
            "markers": "python_version >= '3.9'",
            "version": "==4.14.1"
        },
        "wcwidth": {
            "hashes": [
                "sha256:3da69048e4540d84af32131829ff948f1e022c1c6bdb8d6102117aac784f6859",
                "sha256:72ea0c06399eb286d978fdedb6923a9eb47e1c486ce63e9b4e64fc18303972b5"
            ],
            "version": "==0.2.13"
        }
    }
}
